// !$*UTF8*$!
{
	archiveVersion = 1;
	classes = {
	};
	objectVersion = 46;
	objects = {

/* Begin PBXBuildFile section */
		14107AC01C2EEF65004F152A /* ResourcePath.mm in Sources */ = {isa = PBXBuildFile; fileRef = 14107ABF1C2EEF65004F152A /* ResourcePath.mm */; };
		14107AC31C2EEF65004F152A /* main.cpp in Sources */ = {isa = PBXBuildFile; fileRef = 14107AC21C2EEF65004F152A /* main.cpp */; };
		14107AD41C2F69C7004F152A /* Game.cpp in Sources */ = {isa = PBXBuildFile; fileRef = 14107AD21C2F69C7004F152A /* Game.cpp */; };
		14107AD71C2F7151004F152A /* Player.cpp in Sources */ = {isa = PBXBuildFile; fileRef = 14107AD51C2F7151004F152A /* Player.cpp */; };
		14778D341C41F01F008FE691 /* Scene.cpp in Sources */ = {isa = PBXBuildFile; fileRef = 14778D321C41F01F008FE691 /* Scene.cpp */; };
		14DE59771C3378E60044258A /* ResourceManager_impl.hpp in Sources */ = {isa = PBXBuildFile; fileRef = 14DE59751C3378E60044258A /* ResourceManager_impl.hpp */; };
		14DE59791C3388FB0044258A /* media in Resources */ = {isa = PBXBuildFile; fileRef = 14DE59781C3388FB0044258A /* media */; };
/* End PBXBuildFile section */

/* Begin PBXFileReference section */
		14107ABA1C2EEF64004F152A /* sfml-blueprint.app */ = {isa = PBXFileReference; explicitFileType = wrapper.application; includeInIndex = 0; path = "sfml-blueprint.app"; sourceTree = BUILT_PRODUCTS_DIR; };
		14107ABE1C2EEF65004F152A /* sfml-blueprint-Info.plist */ = {isa = PBXFileReference; lastKnownFileType = text.plist.xml; path = "sfml-blueprint-Info.plist"; sourceTree = "<group>"; };
		14107ABF1C2EEF65004F152A /* ResourcePath.mm */ = {isa = PBXFileReference; lastKnownFileType = sourcecode.cpp.objcpp; path = ResourcePath.mm; sourceTree = "<group>"; };
		14107AC11C2EEF65004F152A /* ResourcePath.hpp */ = {isa = PBXFileReference; lastKnownFileType = sourcecode.cpp.h; path = ResourcePath.hpp; sourceTree = "<group>"; };
		14107AC21C2EEF65004F152A /* main.cpp */ = {isa = PBXFileReference; lastKnownFileType = sourcecode.cpp.cpp; path = main.cpp; sourceTree = "<group>"; };
		14107AD21C2F69C7004F152A /* Game.cpp */ = {isa = PBXFileReference; fileEncoding = 4; lastKnownFileType = sourcecode.cpp.cpp; path = Game.cpp; sourceTree = "<group>"; };
		14107AD31C2F69C7004F152A /* Game.hpp */ = {isa = PBXFileReference; fileEncoding = 4; lastKnownFileType = sourcecode.cpp.h; path = Game.hpp; sourceTree = "<group>"; };
		14107AD51C2F7151004F152A /* Player.cpp */ = {isa = PBXFileReference; fileEncoding = 4; lastKnownFileType = sourcecode.cpp.cpp; path = Player.cpp; sourceTree = "<group>"; };
		14107AD61C2F7151004F152A /* Player.hpp */ = {isa = PBXFileReference; fileEncoding = 4; lastKnownFileType = sourcecode.cpp.h; path = Player.hpp; sourceTree = "<group>"; };
		14778D321C41F01F008FE691 /* Scene.cpp */ = {isa = PBXFileReference; fileEncoding = 4; lastKnownFileType = sourcecode.cpp.cpp; path = Scene.cpp; sourceTree = "<group>"; };
		14778D331C41F01F008FE691 /* Scene.hpp */ = {isa = PBXFileReference; fileEncoding = 4; lastKnownFileType = sourcecode.cpp.h; path = Scene.hpp; sourceTree = "<group>"; };
		14CFA3451C32376E0040E97C /* emitter.hpp */ = {isa = PBXFileReference; fileEncoding = 4; lastKnownFileType = sourcecode.cpp.h; path = emitter.hpp; sourceTree = "<group>"; };
		14CFA3461C32376E0040E97C /* emitter_impl.hpp */ = {isa = PBXFileReference; fileEncoding = 4; lastKnownFileType = sourcecode.cpp.h; path = emitter_impl.hpp; sourceTree = "<group>"; };
		14CFA3471C32376E0040E97C /* spira.hpp */ = {isa = PBXFileReference; fileEncoding = 4; lastKnownFileType = sourcecode.cpp.h; path = spira.hpp; sourceTree = "<group>"; };
		14CFA3481C32376E0040E97C /* stream.hpp */ = {isa = PBXFileReference; fileEncoding = 4; lastKnownFileType = sourcecode.cpp.h; path = stream.hpp; sourceTree = "<group>"; };
		14CFA3491C32376E0040E97C /* stream_impl.hpp */ = {isa = PBXFileReference; fileEncoding = 4; lastKnownFileType = sourcecode.cpp.h; path = stream_impl.hpp; sourceTree = "<group>"; };
		14DE59751C3378E60044258A /* ResourceManager_impl.hpp */ = {isa = PBXFileReference; fileEncoding = 4; lastKnownFileType = sourcecode.cpp.h; path = ResourceManager_impl.hpp; sourceTree = "<group>"; };
		14DE59761C3378E60044258A /* ResourceManager.hpp */ = {isa = PBXFileReference; fileEncoding = 4; lastKnownFileType = sourcecode.cpp.h; path = ResourceManager.hpp; sourceTree = "<group>"; };
		14DE59781C3388FB0044258A /* media */ = {isa = PBXFileReference; lastKnownFileType = folder; path = media; sourceTree = "<group>"; };
/* End PBXFileReference section */

/* Begin PBXFrameworksBuildPhase section */
		14107AB61C2EEF64004F152A /* Frameworks */ = {
			isa = PBXFrameworksBuildPhase;
			buildActionMask = 2147483647;
			files = (
			);
			runOnlyForDeploymentPostprocessing = 0;
		};
/* End PBXFrameworksBuildPhase section */

/* Begin PBXGroup section */
		14107AB01C2EEF64004F152A = {
			isa = PBXGroup;
			children = (
				14107ABC1C2EEF64004F152A /* sfml-blueprint */,
				14107ABB1C2EEF64004F152A /* Products */,
			);
			sourceTree = "<group>";
		};
		14107ABB1C2EEF64004F152A /* Products */ = {
			isa = PBXGroup;
			children = (
				14107ABA1C2EEF64004F152A /* sfml-blueprint.app */,
			);
			name = Products;
			sourceTree = "<group>";
		};
		14107ABC1C2EEF64004F152A /* sfml-blueprint */ = {
			isa = PBXGroup;
			children = (
				14DE59781C3388FB0044258A /* media */,
				14107ABD1C2EEF64004F152A /* Supporting Files */,
				14CFA3441C32376E0040E97C /* spira */,
				14107ABF1C2EEF65004F152A /* ResourcePath.mm */,
				14107AC11C2EEF65004F152A /* ResourcePath.hpp */,
				14107AC21C2EEF65004F152A /* main.cpp */,
				14107AD21C2F69C7004F152A /* Game.cpp */,
				14107AD31C2F69C7004F152A /* Game.hpp */,
				14107AD51C2F7151004F152A /* Player.cpp */,
				14107AD61C2F7151004F152A /* Player.hpp */,
				14DE59761C3378E60044258A /* ResourceManager.hpp */,
				14DE59751C3378E60044258A /* ResourceManager_impl.hpp */,
				14778D321C41F01F008FE691 /* Scene.cpp */,
				14778D331C41F01F008FE691 /* Scene.hpp */,
			);
			path = "sfml-blueprint";
			sourceTree = "<group>";
		};
		14107ABD1C2EEF64004F152A /* Supporting Files */ = {
			isa = PBXGroup;
			children = (
				14107ABE1C2EEF65004F152A /* sfml-blueprint-Info.plist */,
			);
			name = "Supporting Files";
			sourceTree = "<group>";
		};
		14CFA3441C32376E0040E97C /* spira */ = {
			isa = PBXGroup;
			children = (
				14CFA3451C32376E0040E97C /* emitter.hpp */,
				14CFA3461C32376E0040E97C /* emitter_impl.hpp */,
				14CFA3471C32376E0040E97C /* spira.hpp */,
				14CFA3481C32376E0040E97C /* stream.hpp */,
				14CFA3491C32376E0040E97C /* stream_impl.hpp */,
			);
			path = spira;
			sourceTree = "<group>";
		};
/* End PBXGroup section */

/* Begin PBXNativeTarget section */
		14107AB91C2EEF64004F152A /* sfml-blueprint */ = {
			isa = PBXNativeTarget;
			buildConfigurationList = 14107ACF1C2EEF65004F152A /* Build configuration list for PBXNativeTarget "sfml-blueprint" */;
			buildPhases = (
				14107AB51C2EEF64004F152A /* Sources */,
				14107AB61C2EEF64004F152A /* Frameworks */,
				14107AB71C2EEF64004F152A /* Resources */,
				14107AB81C2EEF64004F152A /* ShellScript */,
			);
			buildRules = (
			);
			dependencies = (
			);
			name = "sfml-blueprint";
			productName = "sfml-blueprint";
			productReference = 14107ABA1C2EEF64004F152A /* sfml-blueprint.app */;
			productType = "com.apple.product-type.application";
		};
/* End PBXNativeTarget section */

/* Begin PBXProject section */
		14107AB11C2EEF64004F152A /* Project object */ = {
			isa = PBXProject;
			attributes = {
				LastUpgradeCheck = 0720;
				ORGANIZATIONNAME = Sean;
				TargetAttributes = {
					14107AB91C2EEF64004F152A = {
						CreatedOnToolsVersion = 7.2;
					};
				};
			};
			buildConfigurationList = 14107AB41C2EEF64004F152A /* Build configuration list for PBXProject "sfml-blueprint" */;
			compatibilityVersion = "Xcode 3.2";
			developmentRegion = English;
			hasScannedForEncodings = 0;
			knownRegions = (
				en,
			);
			mainGroup = 14107AB01C2EEF64004F152A;
			productRefGroup = 14107ABB1C2EEF64004F152A /* Products */;
			projectDirPath = "";
			projectRoot = "";
			targets = (
				14107AB91C2EEF64004F152A /* sfml-blueprint */,
			);
		};
/* End PBXProject section */

/* Begin PBXResourcesBuildPhase section */
		14107AB71C2EEF64004F152A /* Resources */ = {
			isa = PBXResourcesBuildPhase;
			buildActionMask = 2147483647;
			files = (
				14DE59791C3388FB0044258A /* media in Resources */,
			);
			runOnlyForDeploymentPostprocessing = 0;
		};
/* End PBXResourcesBuildPhase section */

/* Begin PBXShellScriptBuildPhase section */
		14107AB81C2EEF64004F152A /* ShellScript */ = {
			isa = PBXShellScriptBuildPhase;
			buildActionMask = 2147483647;
			files = (
			);
			inputPaths = (
			);
			outputPaths = (
			);
			runOnlyForDeploymentPostprocessing = 0;
			shellPath = /bin/sh;
			shellScript = "# This shell script simply copies required SFML dylibs/frameworks into the application bundle frameworks folder.\n# If you're using static libraries (which is not recommended) you should remove this script from your project.\n\n# SETTINGS\nCMAKE_INSTALL_FRAMEWORK_PREFIX=\"/Library/Frameworks\"\nCMAKE_INSTALL_LIB_PREFIX=\"/usr/local/lib\"\nFRAMEWORKS_FULL_PATH=\"$BUILT_PRODUCTS_DIR/$FRAMEWORKS_FOLDER_PATH/\"\n\n# Are we building a project that uses frameworks or dylibs?\ncase \"$SFML_BINARY_TYPE\" in\n    DYLIBS)\n        frameworks=\"false\"\n        ;;\n    *)\n        frameworks=\"true\"\n        ;;\nesac\n\n# Echoes to stderr\nerror () # $* message to display\n{\n    echo $* 1>&2\n    exit 2\n}\n\nassert () # $1 is a boolean, $2...N is an error message\n{\n    if [ $# -lt 2 ]\n    then\n        error \"Internal error in assert: not enough args\"\n    fi\n\n    if [ $1 -ne 0 ]\n    then\n        shift\n        error \"$*\"\n    fi\n}\n\nforce_remove () # $@ is some paths\n{\n    test $# -ge 1\n    assert $? \"force_remove() requires at least one parameter\"\n    rm -fr $@\n    assert $? \"couldn't remove $@\"\n}\n\ncopy () # $1 is a source, $2 is a destination\n{\n    test $# -eq 2\n    assert $? \"copy() requires two parameters\"\n    ditto \"$1\" \"$2\"\n    assert $? \"couldn't copy $1 to $2\"\n}\n\nrequire () # $1 is a SFML module like 'system' or 'audio'\n{\n    dest=\"$BUILT_PRODUCTS_DIR/$FRAMEWORKS_FOLDER_PATH/\"\n\n    if [ -z \"$1\" ]\n    then\n        error \"require() requires one parameter!\"\n    else\n        # clean potentially old stuff\n        force_remove \"$dest/libsfml-$1\"*\n        force_remove \"$dest/sfml-$1.framework\"\n\n        # copy SFML libraries\n        if [ \"$frameworks\" = \"true\" ]\n        then\n            source=\"$CMAKE_INSTALL_FRAMEWORK_PREFIX/sfml-$1.framework\"\n            target=\"sfml-$1.framework\"\n        elif [ \"$SFML_LINK_DYLIBS_SUFFIX\" = \"-d\" ]\n        then\n            source=\"$CMAKE_INSTALL_LIB_PREFIX/libsfml-$1-d.dylib\"\n            target=\"`readlink $source`\"\n        else\n            source=\"$CMAKE_INSTALL_LIB_PREFIX/libsfml-$1.dylib\"\n            target=\"`readlink $source`\"\n        fi\n\n        copy \"$source\" \"$dest/$target\"\n\n        # copy extra dependencies\n        if [ \"$1\" = \"audio\" ]\n        then\n            # copy \"FLAC\" \"ogg\" \"vorbis\" \"vorbisenc\" \"vorbisfile\" \"OpenAL\" frameworks too\n            for f in \"FLAC\" \"ogg\" \"vorbis\" \"vorbisenc\" \"vorbisfile\" \"OpenAL\"\n            do\n                copy \"$CMAKE_INSTALL_FRAMEWORK_PREFIX/$f.framework\" \"$dest/$f.framework\"\n            done\n        elif [ \"$1\" = \"graphics\" ]\n        then\n            copy \"$CMAKE_INSTALL_FRAMEWORK_PREFIX/freetype.framework\" \"$dest/freetype.framework\"\n        fi\n    fi\n}\n\nif [ -n \"$SFML_SYSTEM\" ]\nthen\n    require \"system\"\nfi\n\nif [ -n \"$SFML_AUDIO\" ]\nthen\n    require \"audio\"\nfi\n\nif [ -n \"$SFML_NETWORK\" ]\nthen\n    require \"network\"\nfi\n\nif [ -n \"$SFML_WINDOW\" ]\nthen\n    require \"window\"\nfi\n\nif [ -n \"$SFML_GRAPHICS\" ]\nthen\n    require \"graphics\"\nfi\n\n                ";
		};
/* End PBXShellScriptBuildPhase section */

/* Begin PBXSourcesBuildPhase section */
		14107AB51C2EEF64004F152A /* Sources */ = {
			isa = PBXSourcesBuildPhase;
			buildActionMask = 2147483647;
			files = (
				14778D341C41F01F008FE691 /* Scene.cpp in Sources */,
				14DE59771C3378E60044258A /* ResourceManager_impl.hpp in Sources */,
				14107AD71C2F7151004F152A /* Player.cpp in Sources */,
				14107AD41C2F69C7004F152A /* Game.cpp in Sources */,
				14107AC31C2EEF65004F152A /* main.cpp in Sources */,
				14107AC01C2EEF65004F152A /* ResourcePath.mm in Sources */,
			);
			runOnlyForDeploymentPostprocessing = 0;
		};
/* End PBXSourcesBuildPhase section */

/* Begin XCBuildConfiguration section */
		14107ACD1C2EEF65004F152A /* Debug */ = {
			isa = XCBuildConfiguration;
			buildSettings = {
				ARCHS = (
					i386,
					x86_64,
				);
				CLANG_CXX_LANGUAGE_STANDARD = "c++0x";
				CLANG_CXX_LIBRARY = "libc++";
				FRAMEWORK_SEARCH_PATHS = (
					/Library/Frameworks/,
					"$(inherited)",
				);
				GCC_VERSION = com.apple.compilers.llvm.clang.1_0;
				HEADER_SEARCH_PATHS = (
					/usr/local/include/,
					"$(inherited)",
				);
				LIBRARY_SEARCH_PATHS = (
					/usr/local/lib/,
					"$(inherited)",
				);
				MACOSX_DEPLOYMENT_TARGET = 10.7;
				OTHER_LDFLAGS = (
					"$(inherited)",
					"$(SFML_SYSTEM)",
					"$(SFML_WINDOW)",
					"$(SFML_GRAPHICS)",
					"$(SFML_AUDIO)",
					"$(SFML_NETWORK)",
				);
				SFML_AUDIO = "$(SFML_LINK_PREFIX) sfml-audio$(SFML_LINK_SUFFIX)";
				SFML_BINARY_TYPE = FRAMEWORKS;
				SFML_GRAPHICS = "$(SFML_LINK_PREFIX) sfml-graphics$(SFML_LINK_SUFFIX)";
				SFML_LINK_DYLIBS_PREFIX = "-l";
				SFML_LINK_DYLIBS_SUFFIX = "";
				SFML_LINK_FRAMEWORKS_PREFIX = "-framework";
				SFML_LINK_FRAMEWORKS_SUFFIX = "";
				SFML_LINK_PREFIX = "$(SFML_LINK_$(SFML_BINARY_TYPE)_PREFIX)";
				SFML_LINK_SUFFIX = "$(SFML_LINK_$(SFML_BINARY_TYPE)_SUFFIX)";
				SFML_NETWORK = "$(SFML_LINK_PREFIX) sfml-network$(SFML_LINK_SUFFIX)";
				SFML_SYSTEM = "$(SFML_LINK_PREFIX) sfml-system$(SFML_LINK_SUFFIX)";
				SFML_WINDOW = "$(SFML_LINK_PREFIX) sfml-window$(SFML_LINK_SUFFIX)";
				SUPPORTED_PLATFORMS = macosx;
			};
			name = Debug;
		};
		14107ACE1C2EEF65004F152A /* Release */ = {
			isa = XCBuildConfiguration;
			buildSettings = {
				ARCHS = (
					i386,
					x86_64,
				);
				CLANG_CXX_LANGUAGE_STANDARD = "c++0x";
				CLANG_CXX_LIBRARY = "libc++";
				FRAMEWORK_SEARCH_PATHS = (
					/Library/Frameworks/,
					"$(inherited)",
				);
				GCC_VERSION = com.apple.compilers.llvm.clang.1_0;
				HEADER_SEARCH_PATHS = (
					/usr/local/include/,
					"$(inherited)",
				);
				LIBRARY_SEARCH_PATHS = (
					/usr/local/lib/,
					"$(inherited)",
				);
				MACOSX_DEPLOYMENT_TARGET = 10.7;
				OTHER_LDFLAGS = (
					"$(inherited)",
					"$(SFML_SYSTEM)",
					"$(SFML_WINDOW)",
					"$(SFML_GRAPHICS)",
					"$(SFML_AUDIO)",
					"$(SFML_NETWORK)",
				);
				SFML_AUDIO = "$(SFML_LINK_PREFIX) sfml-audio$(SFML_LINK_SUFFIX)";
				SFML_BINARY_TYPE = FRAMEWORKS;
				SFML_GRAPHICS = "$(SFML_LINK_PREFIX) sfml-graphics$(SFML_LINK_SUFFIX)";
				SFML_LINK_DYLIBS_PREFIX = "-l";
				SFML_LINK_DYLIBS_SUFFIX = "";
				SFML_LINK_FRAMEWORKS_PREFIX = "-framework";
				SFML_LINK_FRAMEWORKS_SUFFIX = "";
				SFML_LINK_PREFIX = "$(SFML_LINK_$(SFML_BINARY_TYPE)_PREFIX)";
				SFML_LINK_SUFFIX = "$(SFML_LINK_$(SFML_BINARY_TYPE)_SUFFIX)";
				SFML_NETWORK = "$(SFML_LINK_PREFIX) sfml-network$(SFML_LINK_SUFFIX)";
				SFML_SYSTEM = "$(SFML_LINK_PREFIX) sfml-system$(SFML_LINK_SUFFIX)";
				SFML_WINDOW = "$(SFML_LINK_PREFIX) sfml-window$(SFML_LINK_SUFFIX)";
				SUPPORTED_PLATFORMS = macosx;
			};
			name = Release;
		};
		14107AD01C2EEF65004F152A /* Debug */ = {
			isa = XCBuildConfiguration;
			buildSettings = {
				INFOPLIST_FILE = "sfml-blueprint/sfml-blueprint-Info.plist";
				LD_RUNPATH_SEARCH_PATHS = "@loader_path/../Frameworks";
				PRODUCT_NAME = "$(TARGET_NAME)";
			};
			name = Debug;
		};
		14107AD11C2EEF65004F152A /* Release */ = {
			isa = XCBuildConfiguration;
			buildSettings = {
				INFOPLIST_FILE = "sfml-blueprint/sfml-blueprint-Info.plist";
				LD_RUNPATH_SEARCH_PATHS = "@loader_path/../Frameworks";
				PRODUCT_NAME = "$(TARGET_NAME)";
			};
			name = Release;
		};
/* End XCBuildConfiguration section */

/* Begin XCConfigurationList section */
		14107AB41C2EEF64004F152A /* Build configuration list for PBXProject "sfml-blueprint" */ = {
			isa = XCConfigurationList;
			buildConfigurations = (
				14107ACD1C2EEF65004F152A /* Debug */,
				14107ACE1C2EEF65004F152A /* Release */,
			);
			defaultConfigurationIsVisible = 0;
			defaultConfigurationName = Release;
		};
		14107ACF1C2EEF65004F152A /* Build configuration list for PBXNativeTarget "sfml-blueprint" */ = {
			isa = XCConfigurationList;
			buildConfigurations = (
				14107AD01C2EEF65004F152A /* Debug */,
				14107AD11C2EEF65004F152A /* Release */,
			);
			defaultConfigurationIsVisible = 0;
			defaultConfigurationName = Release;
		};
/* End XCConfigurationList section */
	};
	rootObject = 14107AB11C2EEF64004F152A /* Project object */;
}
